
Microsoft Visual Studio Solution File, Format Version 12.00
# Visual Studio Version 17
VisualStudioVersion = 17.2.32519.379
MinimumVisualStudioVersion = 10.0.40219.1
Project("{9A19103F-16F7-4668-BE54-9A1E7A4F7556}") = "EmployeeManagement.API", "EmployeeManagement.API.csproj", "{186D24F4-EA14-4B3C-BC00-096F0769BCE2}"
EndProject
Project("{FAE04EC0-301F-11D3-BF4B-00C04F79EFBC}") = "EmployeeManagement.Models", "EmployeeManagement.Models\EmployeeManagement.Models.csproj", "{F571EAEE-B798-4D9A-A2EA-00FEE03C5AE9}"
EndProject
Project("{FAE04EC0-301F-11D3-BF4B-00C04F79EFBC}") = "EmployeeManagement.Repository", "EmployeeManagement.Repository\EmployeeManagement.Repository.csproj", "{0DAA4753-5607-449D-86CB-71BAB08D154B}"
EndProject
Global
	GlobalSection(SolutionConfigurationPlatforms) = preSolution
		Debug|Any CPU = Debug|Any CPU
		Release|Any CPU = Release|Any CPU
	EndGlobalSection
	GlobalSection(ProjectConfigurationPlatforms) = postSolution
		{186D24F4-EA14-4B3C-BC00-096F0769BCE2}.Debug|Any CPU.ActiveCfg = Debug|Any CPU
		{186D24F4-EA14-4B3C-BC00-096F0769BCE2}.Debug|Any CPU.Build.0 = Debug|Any CPU
		{186D24F4-EA14-4B3C-BC00-096F0769BCE2}.Release|Any CPU.ActiveCfg = Release|Any CPU
		{186D24F4-EA14-4B3C-BC00-096F0769BCE2}.Release|Any CPU.Build.0 = Release|Any CPU
		{F571EAEE-B798-4D9A-A2EA-00FEE03C5AE9}.Debug|Any CPU.ActiveCfg = Debug|Any CPU
		{F571EAEE-B798-4D9A-A2EA-00FEE03C5AE9}.Debug|Any CPU.Build.0 = Debug|Any CPU
		{F571EAEE-B798-4D9A-A2EA-00FEE03C5AE9}.Release|Any CPU.ActiveCfg = Release|Any CPU
		{F571EAEE-B798-4D9A-A2EA-00FEE03C5AE9}.Release|Any CPU.Build.0 = Release|Any CPU
		{0DAA4753-5607-449D-86CB-71BAB08D154B}.Debug|Any CPU.ActiveCfg = Debug|Any CPU
		{0DAA4753-5607-449D-86CB-71BAB08D154B}.Debug|Any CPU.Build.0 = Debug|Any CPU
		{0DAA4753-5607-449D-86CB-71BAB08D154B}.Release|Any CPU.ActiveCfg = Release|Any CPU
		{0DAA4753-5607-449D-86CB-71BAB08D154B}.Release|Any CPU.Build.0 = Release|Any CPU
	EndGlobalSection
	GlobalSection(SolutionProperties) = preSolution
		HideSolutionNode = FALSE
	EndGlobalSection
	GlobalSection(ExtensibilityGlobals) = postSolution
		SolutionGuid = {C1C59C55-BFCF-4312-BF17-D2345BEF599D}
	EndGlobalSection
EndGlobal
